// !$*UTF8*$!
{
	archiveVersion = 1;
	classes = {
	};
	objectVersion = 77;
	objects = {

/* Begin PBXBuildFile section */
		20594CC32ECE248F0079F742 /* Assets.xcassets in Resources */ = {isa = PBXBuildFile; fileRef = 20594CC12ECE248F0079F742 /* Assets.xcassets */; };
		20594CC42ECE248F0079F742 /* HealthStatus.swift in Sources */ = {isa = PBXBuildFile; fileRef = 20594CB42ECE248F0079F742 /* HealthStatus.swift */; };
		20594CC52ECE248F0079F742 /* DroneDispatchManager.swift in Sources */ = {isa = PBXBuildFile; fileRef = 20594CAE2ECE248F0079F742 /* DroneDispatchManager.swift */; };
		20594CC62ECE248F0079F742 /* SettingsView.swift in Sources */ = {isa = PBXBuildFile; fileRef = 20594CBF2ECE248F0079F742 /* SettingsView.swift */; };
		20594CC72ECE248F0079F742 /* ContactManager.swift in Sources */ = {isa = PBXBuildFile; fileRef = 20594CAC2ECE248F0079F742 /* ContactManager.swift */; };
		20594CC82ECE248F0079F742 /* HealthGuardApp.swift in Sources */ = {isa = PBXBuildFile; fileRef = 20594CA92ECE248F0079F742 /* HealthGuardApp.swift */; };
		20594CC92ECE248F0079F742 /* DashboardView.swift in Sources */ = {isa = PBXBuildFile; fileRef = 20594CBC2ECE248F0079F742 /* DashboardView.swift */; };
		20594CCA2ECE248F0079F742 /* EmergencyGuideView.swift in Sources */ = {isa = PBXBuildFile; fileRef = 20594CBD2ECE248F0079F742 /* EmergencyGuideView.swift */; };
		20594CCB2ECE248F0079F742 /* HistoryView.swift in Sources */ = {isa = PBXBuildFile; fileRef = 20594CBE2ECE248F0079F742 /* HistoryView.swift */; };
		20594CCC2ECE248F0079F742 /* Vital.swift in Sources */ = {isa = PBXBuildFile; fileRef = 20594CB52ECE248F0079F742 /* Vital.swift */; };
		20594CCD2ECE248F0079F742 /* ContactManagementView.swift in Sources */ = {isa = PBXBuildFile; fileRef = 20594CBB2ECE248F0079F742 /* ContactManagementView.swift */; };
		20594CCE2ECE248F0079F742 /* MockDataGenerator.swift in Sources */ = {isa = PBXBuildFile; fileRef = 20594CB92ECE248F0079F742 /* MockDataGenerator.swift */; };
		20594CCF2ECE248F0079F742 /* NotificationManager.swift in Sources */ = {isa = PBXBuildFile; fileRef = 20594CB12ECE248F0079F742 /* NotificationManager.swift */; };
		20594CD02ECE248F0079F742 /* DataManager.swift in Sources */ = {isa = PBXBuildFile; fileRef = 20594CAD2ECE248F0079F742 /* DataManager.swift */; };
		20594CD12ECE248F0079F742 /* HealthKitManager.swift in Sources */ = {isa = PBXBuildFile; fileRef = 20594CB02ECE248F0079F742 /* HealthKitManager.swift */; };
		20594CD22ECE248F0079F742 /* HealthAnalyzer.swift in Sources */ = {isa = PBXBuildFile; fileRef = 20594CAF2ECE248F0079F742 /* HealthAnalyzer.swift */; };
		20594CD32ECE248F0079F742 /* EmergencyContact.swift in Sources */ = {isa = PBXBuildFile; fileRef = 20594CB32ECE248F0079F742 /* EmergencyContact.swift */; };
		20594CD42ECE248F0079F742 /* MainTabView.swift in Sources */ = {isa = PBXBuildFile; fileRef = 20594CAA2ECE248F0079F742 /* MainTabView.swift */; };
/* End PBXBuildFile section */

/* Begin PBXFileReference section */
		20594CA92ECE248F0079F742 /* HealthGuardApp.swift */ = {isa = PBXFileReference; lastKnownFileType = sourcecode.swift; path = HealthGuardApp.swift; sourceTree = "<group>"; };
		20594CAA2ECE248F0079F742 /* MainTabView.swift */ = {isa = PBXFileReference; lastKnownFileType = sourcecode.swift; path = MainTabView.swift; sourceTree = "<group>"; };
		20594CAC2ECE248F0079F742 /* ContactManager.swift */ = {isa = PBXFileReference; lastKnownFileType = sourcecode.swift; path = ContactManager.swift; sourceTree = "<group>"; };
		20594CAD2ECE248F0079F742 /* DataManager.swift */ = {isa = PBXFileReference; lastKnownFileType = sourcecode.swift; path = DataManager.swift; sourceTree = "<group>"; };
		20594CAE2ECE248F0079F742 /* DroneDispatchManager.swift */ = {isa = PBXFileReference; lastKnownFileType = sourcecode.swift; path = DroneDispatchManager.swift; sourceTree = "<group>"; };
		20594CAF2ECE248F0079F742 /* HealthAnalyzer.swift */ = {isa = PBXFileReference; lastKnownFileType = sourcecode.swift; path = HealthAnalyzer.swift; sourceTree = "<group>"; };
		20594CB02ECE248F0079F742 /* HealthKitManager.swift */ = {isa = PBXFileReference; lastKnownFileType = sourcecode.swift; path = HealthKitManager.swift; sourceTree = "<group>"; };
		20594CB12ECE248F0079F742 /* NotificationManager.swift */ = {isa = PBXFileReference; lastKnownFileType = sourcecode.swift; path = NotificationManager.swift; sourceTree = "<group>"; };
		20594CB32ECE248F0079F742 /* EmergencyContact.swift */ = {isa = PBXFileReference; lastKnownFileType = sourcecode.swift; path = EmergencyContact.swift; sourceTree = "<group>"; };
		20594CB42ECE248F0079F742 /* HealthStatus.swift */ = {isa = PBXFileReference; lastKnownFileType = sourcecode.swift; path = HealthStatus.swift; sourceTree = "<group>"; };
		20594CB52ECE248F0079F742 /* Vital.swift */ = {isa = PBXFileReference; lastKnownFileType = sourcecode.swift; path = Vital.swift; sourceTree = "<group>"; };
		20594CB92ECE248F0079F742 /* MockDataGenerator.swift */ = {isa = PBXFileReference; lastKnownFileType = sourcecode.swift; path = MockDataGenerator.swift; sourceTree = "<group>"; };
		20594CBB2ECE248F0079F742 /* ContactManagementView.swift */ = {isa = PBXFileReference; lastKnownFileType = sourcecode.swift; path = ContactManagementView.swift; sourceTree = "<group>"; };
		20594CBC2ECE248F0079F742 /* DashboardView.swift */ = {isa = PBXFileReference; lastKnownFileType = sourcecode.swift; path = DashboardView.swift; sourceTree = "<group>"; };
		20594CBD2ECE248F0079F742 /* EmergencyGuideView.swift */ = {isa = PBXFileReference; lastKnownFileType = sourcecode.swift; path = EmergencyGuideView.swift; sourceTree = "<group>"; };
		20594CBE2ECE248F0079F742 /* HistoryView.swift */ = {isa = PBXFileReference; lastKnownFileType = sourcecode.swift; path = HistoryView.swift; sourceTree = "<group>"; };
		20594CBF2ECE248F0079F742 /* SettingsView.swift */ = {isa = PBXFileReference; lastKnownFileType = sourcecode.swift; path = SettingsView.swift; sourceTree = "<group>"; };
		20594CC12ECE248F0079F742 /* Assets.xcassets */ = {isa = PBXFileReference; lastKnownFileType = folder.assetcatalog; path = Assets.xcassets; sourceTree = "<group>"; };
		206F8B4B2ECDF16C00ED66ED /* HelloWorld.app */ = {isa = PBXFileReference; explicitFileType = wrapper.application; includeInIndex = 0; path = HelloWorld.app; sourceTree = BUILT_PRODUCTS_DIR; };
/* End PBXFileReference section */

/* Begin PBXFileSystemSynchronizedBuildFileExceptionSet section */
		20594CD62ECE298A0079F742 /* Exceptions for "HelloWorld" folder in "HelloWorld" target */ = {
			isa = PBXFileSystemSynchronizedBuildFileExceptionSet;
			membershipExceptions = (
				"HelloWorld-Info.plist",
			);
			target = 206F8B4A2ECDF16C00ED66ED /* HelloWorld */;
		};
/* End PBXFileSystemSynchronizedBuildFileExceptionSet section */

/* Begin PBXFileSystemSynchronizedRootGroup section */
		206F8B4D2ECDF16C00ED66ED /* HelloWorld */ = {
			isa = PBXFileSystemSynchronizedRootGroup;
			exceptions = (
				20594CD62ECE298A0079F742 /* Exceptions for "HelloWorld" folder in "HelloWorld" target */,
			);
			path = HelloWorld;
			sourceTree = "<group>";
		};
/* End PBXFileSystemSynchronizedRootGroup section */

/* Begin PBXFrameworksBuildPhase section */
		206F8B482ECDF16C00ED66ED /* Frameworks */ = {
			isa = PBXFrameworksBuildPhase;
			buildActionMask = 2147483647;
			files = (
			);
			runOnlyForDeploymentPostprocessing = 0;
		};
/* End PBXFrameworksBuildPhase section */

/* Begin PBXGroup section */
		20594CAB2ECE248F0079F742 /* App */ = {
			isa = PBXGroup;
			children = (
				20594CA92ECE248F0079F742 /* HealthGuardApp.swift */,
				20594CAA2ECE248F0079F742 /* MainTabView.swift */,
			);
			path = App;
			sourceTree = "<group>";
		};
		20594CB22ECE248F0079F742 /* Managers */ = {
			isa = PBXGroup;
			children = (
				20594CAC2ECE248F0079F742 /* ContactManager.swift */,
				20594CAD2ECE248F0079F742 /* DataManager.swift */,
				20594CAE2ECE248F0079F742 /* DroneDispatchManager.swift */,
				20594CAF2ECE248F0079F742 /* HealthAnalyzer.swift */,
				20594CB02ECE248F0079F742 /* HealthKitManager.swift */,
				20594CB12ECE248F0079F742 /* NotificationManager.swift */,
			);
			path = Managers;
			sourceTree = "<group>";
		};
		20594CB62ECE248F0079F742 /* Models */ = {
			isa = PBXGroup;
			children = (
				20594CB32ECE248F0079F742 /* EmergencyContact.swift */,
				20594CB42ECE248F0079F742 /* HealthStatus.swift */,
				20594CB52ECE248F0079F742 /* Vital.swift */,
			);
			path = Models;
			sourceTree = "<group>";
		};
		20594CB72ECE248F0079F742 /* Resources */ = {
			isa = PBXGroup;
			children = (
			);
			path = Resources;
			sourceTree = "<group>";
		};
		20594CB82ECE248F0079F742 /* Services */ = {
			isa = PBXGroup;
			children = (
			);
			path = Services;
			sourceTree = "<group>";
		};
		20594CBA2ECE248F0079F742 /* Utilities */ = {
			isa = PBXGroup;
			children = (
				20594CB92ECE248F0079F742 /* MockDataGenerator.swift */,
			);
			path = Utilities;
			sourceTree = "<group>";
		};
		20594CC02ECE248F0079F742 /* Views */ = {
			isa = PBXGroup;
			children = (
				20594CBB2ECE248F0079F742 /* ContactManagementView.swift */,
				20594CBC2ECE248F0079F742 /* DashboardView.swift */,
				20594CBD2ECE248F0079F742 /* EmergencyGuideView.swift */,
				20594CBE2ECE248F0079F742 /* HistoryView.swift */,
				20594CBF2ECE248F0079F742 /* SettingsView.swift */,
			);
			path = Views;
			sourceTree = "<group>";
		};
		20594CC22ECE248F0079F742 /* HealthProd */ = {
			isa = PBXGroup;
			children = (
				20594CAB2ECE248F0079F742 /* App */,
				20594CB22ECE248F0079F742 /* Managers */,
				20594CB62ECE248F0079F742 /* Models */,
				20594CB72ECE248F0079F742 /* Resources */,
				20594CB82ECE248F0079F742 /* Services */,
				20594CBA2ECE248F0079F742 /* Utilities */,
				20594CC02ECE248F0079F742 /* Views */,
				20594CC12ECE248F0079F742 /* Assets.xcassets */,
			);
			path = HealthProd;
			sourceTree = "<group>";
		};
		206F8B422ECDF16C00ED66ED = {
			isa = PBXGroup;
			children = (
				20594CC22ECE248F0079F742 /* HealthProd */,
				206F8B4D2ECDF16C00ED66ED /* HelloWorld */,
				206F8B4C2ECDF16C00ED66ED /* Products */,
			);
			sourceTree = "<group>";
		};
		206F8B4C2ECDF16C00ED66ED /* Products */ = {
			isa = PBXGroup;
			children = (
				206F8B4B2ECDF16C00ED66ED /* HelloWorld.app */,
			);
			name = Products;
			sourceTree = "<group>";
		};
/* End PBXGroup section */

/* Begin PBXNativeTarget section */
		206F8B4A2ECDF16C00ED66ED /* HelloWorld */ = {
			isa = PBXNativeTarget;
			buildConfigurationList = 206F8B562ECDF16E00ED66ED /* Build configuration list for PBXNativeTarget "HelloWorld" */;
			buildPhases = (
				206F8B472ECDF16C00ED66ED /* Sources */,
				206F8B482ECDF16C00ED66ED /* Frameworks */,
				206F8B492ECDF16C00ED66ED /* Resources */,
			);
			buildRules = (
			);
			dependencies = (
			);
			fileSystemSynchronizedGroups = (
				206F8B4D2ECDF16C00ED66ED /* HelloWorld */,
			);
			name = HelloWorld;
			packageProductDependencies = (
			);
			productName = HelloWorld;
			productReference = 206F8B4B2ECDF16C00ED66ED /* HelloWorld.app */;
			productType = "com.apple.product-type.application";
		};
/* End PBXNativeTarget section */

/* Begin PBXProject section */
		206F8B432ECDF16C00ED66ED /* Project object */ = {
			isa = PBXProject;
			attributes = {
				BuildIndependentTargetsInParallel = 1;
				LastSwiftUpdateCheck = 2610;
				LastUpgradeCheck = 2610;
				TargetAttributes = {
					206F8B4A2ECDF16C00ED66ED = {
						CreatedOnToolsVersion = 26.1.1;
					};
				};
			};
			buildConfigurationList = 206F8B462ECDF16C00ED66ED /* Build configuration list for PBXProject "HelloWorld" */;
			developmentRegion = en;
			hasScannedForEncodings = 0;
			knownRegions = (
				en,
				Base,
			);
			mainGroup = 206F8B422ECDF16C00ED66ED;
			minimizedProjectReferenceProxies = 1;
			preferredProjectObjectVersion = 77;
			productRefGroup = 206F8B4C2ECDF16C00ED66ED /* Products */;
			projectDirPath = "";
			projectRoot = "";
			targets = (
				206F8B4A2ECDF16C00ED66ED /* HelloWorld */,
			);
		};
/* End PBXProject section */

/* Begin PBXResourcesBuildPhase section */
		206F8B492ECDF16C00ED66ED /* Resources */ = {
			isa = PBXResourcesBuildPhase;
			buildActionMask = 2147483647;
			files = (
				20594CC32ECE248F0079F742 /* Assets.xcassets in Resources */,
			);
			runOnlyForDeploymentPostprocessing = 0;
		};
/* End PBXResourcesBuildPhase section */

/* Begin PBXSourcesBuildPhase section */
		206F8B472ECDF16C00ED66ED /* Sources */ = {
			isa = PBXSourcesBuildPhase;
			buildActionMask = 2147483647;
			files = (
				20594CC42ECE248F0079F742 /* HealthStatus.swift in Sources */,
				20594CC52ECE248F0079F742 /* DroneDispatchManager.swift in Sources */,
				20594CC62ECE248F0079F742 /* SettingsView.swift in Sources */,
				20594CC72ECE248F0079F742 /* ContactManager.swift in Sources */,
				20594CC82ECE248F0079F742 /* HealthGuardApp.swift in Sources */,
				20594CC92ECE248F0079F742 /* DashboardView.swift in Sources */,
				20594CCA2ECE248F0079F742 /* EmergencyGuideView.swift in Sources */,
				20594CCB2ECE248F0079F742 /* HistoryView.swift in Sources */,
				20594CCC2ECE248F0079F742 /* Vital.swift in Sources */,
				20594CCD2ECE248F0079F742 /* ContactManagementView.swift in Sources */,
				20594CCE2ECE248F0079F742 /* MockDataGenerator.swift in Sources */,
				20594CCF2ECE248F0079F742 /* NotificationManager.swift in Sources */,
				20594CD02ECE248F0079F742 /* DataManager.swift in Sources */,
				20594CD12ECE248F0079F742 /* HealthKitManager.swift in Sources */,
				20594CD22ECE248F0079F742 /* HealthAnalyzer.swift in Sources */,
				20594CD32ECE248F0079F742 /* EmergencyContact.swift in Sources */,
				20594CD42ECE248F0079F742 /* MainTabView.swift in Sources */,
			);
			runOnlyForDeploymentPostprocessing = 0;
		};
/* End PBXSourcesBuildPhase section */

/* Begin XCBuildConfiguration section */
		206F8B542ECDF16E00ED66ED /* Debug */ = {
			isa = XCBuildConfiguration;
			buildSettings = {
				ALWAYS_SEARCH_USER_PATHS = NO;
				ASSETCATALOG_COMPILER_GENERATE_SWIFT_ASSET_SYMBOL_EXTENSIONS = YES;
				CLANG_ANALYZER_NONNULL = YES;
				CLANG_ANALYZER_NUMBER_OBJECT_CONVERSION = YES_AGGRESSIVE;
				CLANG_CXX_LANGUAGE_STANDARD = "gnu++20";
				CLANG_ENABLE_MODULES = YES;
				CLANG_ENABLE_OBJC_ARC = YES;
				CLANG_ENABLE_OBJC_WEAK = YES;
				CLANG_WARN_BLOCK_CAPTURE_AUTORELEASING = YES;
				CLANG_WARN_BOOL_CONVERSION = YES;
				CLANG_WARN_COMMA = YES;
				CLANG_WARN_CONSTANT_CONVERSION = YES;
				CLANG_WARN_DEPRECATED_OBJC_IMPLEMENTATIONS = YES;
				CLANG_WARN_DIRECT_OBJC_ISA_USAGE = YES_ERROR;
				CLANG_WARN_DOCUMENTATION_COMMENTS = YES;
				CLANG_WARN_EMPTY_BODY = YES;
				CLANG_WARN_ENUM_CONVERSION = YES;
				CLANG_WARN_INFINITE_RECURSION = YES;
				CLANG_WARN_INT_CONVERSION = YES;
				CLANG_WARN_NON_LITERAL_NULL_CONVERSION = YES;
				CLANG_WARN_OBJC_IMPLICIT_RETAIN_SELF = YES;
				CLANG_WARN_OBJC_LITERAL_CONVERSION = YES;
				CLANG_WARN_OBJC_ROOT_CLASS = YES_ERROR;
				CLANG_WARN_QUOTED_INCLUDE_IN_FRAMEWORK_HEADER = YES;
				CLANG_WARN_RANGE_LOOP_ANALYSIS = YES;
				CLANG_WARN_STRICT_PROTOTYPES = YES;
				CLANG_WARN_SUSPICIOUS_MOVE = YES;
				CLANG_WARN_UNGUARDED_AVAILABILITY = YES_AGGRESSIVE;
				CLANG_WARN_UNREACHABLE_CODE = YES;
				CLANG_WARN__DUPLICATE_METHOD_MATCH = YES;
				COPY_PHASE_STRIP = NO;
				DEBUG_INFORMATION_FORMAT = dwarf;
				DEVELOPMENT_TEAM = 5M28H2P5HR;
				ENABLE_STRICT_OBJC_MSGSEND = YES;
				ENABLE_TESTABILITY = YES;
				ENABLE_USER_SCRIPT_SANDBOXING = YES;
				GCC_C_LANGUAGE_STANDARD = gnu17;
				GCC_DYNAMIC_NO_PIC = NO;
				GCC_NO_COMMON_BLOCKS = YES;
				GCC_OPTIMIZATION_LEVEL = 0;
				GCC_PREPROCESSOR_DEFINITIONS = (
					"DEBUG=1",
					"$(inherited)",
				);
				GCC_WARN_64_TO_32_BIT_CONVERSION = YES;
				GCC_WARN_ABOUT_RETURN_TYPE = YES_ERROR;
				GCC_WARN_UNDECLARED_SELECTOR = YES;
				GCC_WARN_UNINITIALIZED_AUTOS = YES_AGGRESSIVE;
				GCC_WARN_UNUSED_FUNCTION = YES;
				GCC_WARN_UNUSED_VARIABLE = YES;
				IPHONEOS_DEPLOYMENT_TARGET = 26.1;
				LOCALIZATION_PREFERS_STRING_CATALOGS = YES;
				MTL_ENABLE_DEBUG_INFO = INCLUDE_SOURCE;
				MTL_FAST_MATH = YES;
				ONLY_ACTIVE_ARCH = YES;
				SDKROOT = iphoneos;
				SWIFT_ACTIVE_COMPILATION_CONDITIONS = "DEBUG $(inherited)";
				SWIFT_OPTIMIZATION_LEVEL = "-Onone";
			};
			name = Debug;
		};
		206F8B552ECDF16E00ED66ED /* Release */ = {
			isa = XCBuildConfiguration;
			buildSettings = {
				ALWAYS_SEARCH_USER_PATHS = NO;
				ASSETCATALOG_COMPILER_GENERATE_SWIFT_ASSET_SYMBOL_EXTENSIONS = YES;
				CLANG_ANALYZER_NONNULL = YES;
				CLANG_ANALYZER_NUMBER_OBJECT_CONVERSION = YES_AGGRESSIVE;
				CLANG_CXX_LANGUAGE_STANDARD = "gnu++20";
				CLANG_ENABLE_MODULES = YES;
				CLANG_ENABLE_OBJC_ARC = YES;
				CLANG_ENABLE_OBJC_WEAK = YES;
				CLANG_WARN_BLOCK_CAPTURE_AUTORELEASING = YES;
				CLANG_WARN_BOOL_CONVERSION = YES;
				CLANG_WARN_COMMA = YES;
				CLANG_WARN_CONSTANT_CONVERSION = YES;
				CLANG_WARN_DEPRECATED_OBJC_IMPLEMENTATIONS = YES;
				CLANG_WARN_DIRECT_OBJC_ISA_USAGE = YES_ERROR;
				CLANG_WARN_DOCUMENTATION_COMMENTS = YES;
				CLANG_WARN_EMPTY_BODY = YES;
				CLANG_WARN_ENUM_CONVERSION = YES;
				CLANG_WARN_INFINITE_RECURSION = YES;
				CLANG_WARN_INT_CONVERSION = YES;
				CLANG_WARN_NON_LITERAL_NULL_CONVERSION = YES;
				CLANG_WARN_OBJC_IMPLICIT_RETAIN_SELF = YES;
				CLANG_WARN_OBJC_LITERAL_CONVERSION = YES;
				CLANG_WARN_OBJC_ROOT_CLASS = YES_ERROR;
				CLANG_WARN_QUOTED_INCLUDE_IN_FRAMEWORK_HEADER = YES;
				CLANG_WARN_RANGE_LOOP_ANALYSIS = YES;
				CLANG_WARN_STRICT_PROTOTYPES = YES;
				CLANG_WARN_SUSPICIOUS_MOVE = YES;
				CLANG_WARN_UNGUARDED_AVAILABILITY = YES_AGGRESSIVE;
				CLANG_WARN_UNREACHABLE_CODE = YES;
				CLANG_WARN__DUPLICATE_METHOD_MATCH = YES;
				COPY_PHASE_STRIP = NO;
				DEBUG_INFORMATION_FORMAT = "dwarf-with-dsym";
				DEVELOPMENT_TEAM = 5M28H2P5HR;
				ENABLE_NS_ASSERTIONS = NO;
				ENABLE_STRICT_OBJC_MSGSEND = YES;
				ENABLE_USER_SCRIPT_SANDBOXING = YES;
				GCC_C_LANGUAGE_STANDARD = gnu17;
				GCC_NO_COMMON_BLOCKS = YES;
				GCC_WARN_64_TO_32_BIT_CONVERSION = YES;
				GCC_WARN_ABOUT_RETURN_TYPE = YES_ERROR;
				GCC_WARN_UNDECLARED_SELECTOR = YES;
				GCC_WARN_UNINITIALIZED_AUTOS = YES_AGGRESSIVE;
				GCC_WARN_UNUSED_FUNCTION = YES;
				GCC_WARN_UNUSED_VARIABLE = YES;
				IPHONEOS_DEPLOYMENT_TARGET = 26.1;
				LOCALIZATION_PREFERS_STRING_CATALOGS = YES;
				MTL_ENABLE_DEBUG_INFO = NO;
				MTL_FAST_MATH = YES;
				SDKROOT = iphoneos;
				SWIFT_COMPILATION_MODE = wholemodule;
				VALIDATE_PRODUCT = YES;
			};
			name = Release;
		};
		206F8B572ECDF16E00ED66ED /* Debug */ = {
			isa = XCBuildConfiguration;
			buildSettings = {
				ASSETCATALOG_COMPILER_APPICON_NAME = AppIcon;
				ASSETCATALOG_COMPILER_GLOBAL_ACCENT_COLOR_NAME = AccentColor;
				CODE_SIGN_ENTITLEMENTS = HelloWorld.entitlements;
				CODE_SIGN_STYLE = Automatic;
				CURRENT_PROJECT_VERSION = 1;
				DEVELOPMENT_TEAM = 5M28H2P5HR;
				ENABLE_PREVIEWS = YES;
				GENERATE_INFOPLIST_FILE = YES;
				INFOPLIST_FILE = "HelloWorld-Info.plist";
				INFOPLIST_KEY_LSApplicationCategoryType = "";
				INFOPLIST_KEY_NSHealthShareUsageDescription = "This app reads your health data to monitor vitals and detect emergencies.";
				INFOPLIST_KEY_NSHealthUpdateUsageDescription = "This app writes health data to help track emergency events.";
				INFOPLIST_KEY_NSLocationAlwaysAndWhenInUseUsageDescription = "Location is used during emergencies even in background.";
				INFOPLIST_KEY_NSLocationWhenInUseUsageDescription = "This app uses your location to assist emergency responders and drone dispatch.";
				INFOPLIST_KEY_UIApplicationSceneManifest_Generation = YES;
				INFOPLIST_KEY_UIApplicationSupportsIndirectInputEvents = YES;
				INFOPLIST_KEY_UILaunchScreen_Generation = YES;
				INFOPLIST_KEY_UISupportedInterfaceOrientations_iPad = "UIInterfaceOrientationPortrait UIInterfaceOrientationPortraitUpsideDown UIInterfaceOrientationLandscapeLeft UIInterfaceOrientationLandscapeRight";
				INFOPLIST_KEY_UISupportedInterfaceOrientations_iPhone = "UIInterfaceOrientationPortrait UIInterfaceOrientationLandscapeLeft UIInterfaceOrientationLandscapeRight";
				LD_RUNPATH_SEARCH_PATHS = (
					"$(inherited)",
					"@executable_path/Frameworks",
				);
				MARKETING_VERSION = 1.0;
				PRODUCT_BUNDLE_IDENTIFIER = com.meetmodi.HelloWorld;
				PRODUCT_NAME = "$(TARGET_NAME)";
				STRING_CATALOG_GENERATE_SYMBOLS = YES;
				SWIFT_APPROACHABLE_CONCURRENCY = YES;
				SWIFT_DEFAULT_ACTOR_ISOLATION = MainActor;
				SWIFT_EMIT_LOC_STRINGS = YES;
				SWIFT_UPCOMING_FEATURE_MEMBER_IMPORT_VISIBILITY = YES;
				SWIFT_VERSION = 5.0;
				TARGETED_DEVICE_FAMILY = "1,2";
			};
			name = Debug;
		};
		206F8B582ECDF16E00ED66ED /* Release */ = {
			isa = XCBuildConfiguration;
			buildSettings = {
				ASSETCATALOG_COMPILER_APPICON_NAME = AppIcon;
				ASSETCATALOG_COMPILER_GLOBAL_ACCENT_COLOR_NAME = AccentColor;
				CODE_SIGN_ENTITLEMENTS = HelloWorld.entitlements;
				CODE_SIGN_STYLE = Automatic;
				CURRENT_PROJECT_VERSION = 1;
				DEVELOPMENT_TEAM = 5M28H2P5HR;
				ENABLE_PREVIEWS = YES;
				GENERATE_INFOPLIST_FILE = YES;
				INFOPLIST_FILE = "HelloWorld-Info.plist";
				INFOPLIST_KEY_LSApplicationCategoryType = "";
				INFOPLIST_KEY_NSHealthShareUsageDescription = "This app reads your health data to monitor vitals and detect emergencies.";
				INFOPLIST_KEY_NSHealthUpdateUsageDescription = "This app writes health data to help track emergency events.";
				INFOPLIST_KEY_NSLocationAlwaysAndWhenInUseUsageDescription = "Location is used during emergencies even in background.";
				INFOPLIST_KEY_NSLocationWhenInUseUsageDescription = "This app uses your location to assist emergency responders and drone dispatch.";
				INFOPLIST_KEY_UIApplicationSceneManifest_Generation = YES;
				INFOPLIST_KEY_UIApplicationSupportsIndirectInputEvents = YES;
				INFOPLIST_KEY_UILaunchScreen_Generation = YES;
				INFOPLIST_KEY_UISupportedInterfaceOrientations_iPad = "UIInterfaceOrientationPortrait UIInterfaceOrientationPortraitUpsideDown UIInterfaceOrientationLandscapeLeft UIInterfaceOrientationLandscapeRight";
				INFOPLIST_KEY_UISupportedInterfaceOrientations_iPhone = "UIInterfaceOrientationPortrait UIInterfaceOrientationLandscapeLeft UIInterfaceOrientationLandscapeRight";
				LD_RUNPATH_SEARCH_PATHS = (
					"$(inherited)",
					"@executable_path/Frameworks",
				);
				MARKETING_VERSION = 1.0;
				PRODUCT_BUNDLE_IDENTIFIER = com.meetmodi.HelloWorld;
				PRODUCT_NAME = "$(TARGET_NAME)";
				STRING_CATALOG_GENERATE_SYMBOLS = YES;
				SWIFT_APPROACHABLE_CONCURRENCY = YES;
				SWIFT_DEFAULT_ACTOR_ISOLATION = MainActor;
				SWIFT_EMIT_LOC_STRINGS = YES;
				SWIFT_UPCOMING_FEATURE_MEMBER_IMPORT_VISIBILITY = YES;
				SWIFT_VERSION = 5.0;
				TARGETED_DEVICE_FAMILY = "1,2";
			};
			name = Release;
		};
/* End XCBuildConfiguration section */

/* Begin XCConfigurationList section */
		206F8B462ECDF16C00ED66ED /* Build configuration list for PBXProject "HelloWorld" */ = {
			isa = XCConfigurationList;
			buildConfigurations = (
				206F8B542ECDF16E00ED66ED /* Debug */,
				206F8B552ECDF16E00ED66ED /* Release */,
			);
			defaultConfigurationIsVisible = 0;
			defaultConfigurationName = Release;
		};
		206F8B562ECDF16E00ED66ED /* Build configuration list for PBXNativeTarget "HelloWorld" */ = {
			isa = XCConfigurationList;
			buildConfigurations = (
				206F8B572ECDF16E00ED66ED /* Debug */,
				206F8B582ECDF16E00ED66ED /* Release */,
			);
			defaultConfigurationIsVisible = 0;
			defaultConfigurationName = Release;
		};
/* End XCConfigurationList section */
	};
	rootObject = 206F8B432ECDF16C00ED66ED /* Project object */;
}
